
Microsoft Visual Studio Solution File, Format Version 10.00
# Visual C++ Express 2008
Project("{8BC9CEB8-8B4A-11D0-8D11-00A0C91BC942}") = "GENERIC", "GENERIC\GENERIC.vcproj", "{CB1E6443-9E65-4859-9334-5452505FA7EA}"
EndProject
Global
	GlobalSection(SolutionConfigurationPlatforms) = preSolution
		Debug|Win32 = Debug|Win32
		Release|Win32 = Release|Win32
	EndGlobalSection
	GlobalSection(ProjectConfigurationPlatforms) = postSolution
		{CB1E6443-9E65-4859-9334-5452505FA7EA}.Debug|Win32.ActiveCfg = Debug|Win32
		{CB1E6443-9E65-4859-9334-5452505FA7EA}.Debug|Win32.Build.0 = Debug|Win32
		{CB1E6443-9E65-4859-9334-5452505FA7EA}.Release|Win32.ActiveCfg = Release|Win32
		{CB1E6443-9E65-4859-9334-5452505FA7EA}.Release|Win32.Build.0 = Release|Win32
	EndGlobalSection
	GlobalSection(SolutionProperties) = preSolution
		HideSolutionNode = FALSE
	EndGlobalSection
EndGlobal
